
Microsoft Visual Studio Solution File, Format Version 12.00
Project("{FAE04EC0-301F-11D3-BF4B-00C04F79EFBC}") = "TheMiddleNurseFatherOutis", "TheMiddleNurseFatherOutis.csproj", "{50E81A4D-FE20-4E51-A5A4-3D95417AB214}"
EndProject
Global
	GlobalSection(SolutionConfigurationPlatforms) = preSolution
		Debug|Any CPU = Debug|Any CPU
		ExportDebug|Any CPU = ExportDebug|Any CPU
		ExportRelease|Any CPU = ExportRelease|Any CPU
	EndGlobalSection
	GlobalSection(ProjectConfigurationPlatforms) = postSolution
		{50E81A4D-FE20-4E51-A5A4-3D95417AB214}.Debug|Any CPU.ActiveCfg = Debug|Any CPU
		{50E81A4D-FE20-4E51-A5A4-3D95417AB214}.Debug|Any CPU.Build.0 = Debug|Any CPU
		{50E81A4D-FE20-4E51-A5A4-3D95417AB214}.ExportDebug|Any CPU.ActiveCfg = ExportDebug|Any CPU
		{50E81A4D-FE20-4E51-A5A4-3D95417AB214}.ExportDebug|Any CPU.Build.0 = ExportDebug|Any CPU
		{50E81A4D-FE20-4E51-A5A4-3D95417AB214}.ExportRelease|Any CPU.ActiveCfg = ExportRelease|Any CPU
		{50E81A4D-FE20-4E51-A5A4-3D95417AB214}.ExportRelease|Any CPU.Build.0 = ExportRelease|Any CPU
	EndGlobalSection
EndGlobal
